
Microsoft Visual Studio Solution File, Format Version 12.00
# Visual Studio 15
VisualStudioVersion = 15.0.28307.1585
MinimumVisualStudioVersion = 10.0.40219.1
Project("{D954291E-2A0B-460D-934E-DC6B0785DB48}") = "SharedProject", "SharedProject\SharedProject.shproj", "{C86F5695-D4AA-443F-BE42-085D7DCF4FEA}"
EndProject
Project("{FAE04EC0-301F-11D3-BF4B-00C04F79EFBC}") = "App1", "App1\App1.csproj", "{EE69944F-A527-4273-AB6E-8597CA7E201D}"
EndProject
Global
	GlobalSection(SharedMSBuildProjectFiles) = preSolution
		SharedProject\SharedProject.projitems*{c86f5695-d4aa-443f-be42-085d7dcf4fea}*SharedItemsImports = 13
		SharedProject\SharedProject.projitems*{ee69944f-a527-4273-ab6e-8597ca7e201d}*SharedItemsImports = 4
	EndGlobalSection
	GlobalSection(SolutionConfigurationPlatforms) = preSolution
		Debug|Any CPU = Debug|Any CPU
		Debug|ARM = Debug|ARM
		Debug|ARM64 = Debug|ARM64
		Debug|x64 = Debug|x64
		Debug|x86 = Debug|x86
		Release|Any CPU = Release|Any CPU
		Release|ARM = Release|ARM
		Release|ARM64 = Release|ARM64
		Release|x64 = Release|x64
		Release|x86 = Release|x86
	EndGlobalSection
	GlobalSection(ProjectConfigurationPlatforms) = postSolution
		{EE69944F-A527-4273-AB6E-8597CA7E201D}.Debug|Any CPU.ActiveCfg = Debug|x86
		{EE69944F-A527-4273-AB6E-8597CA7E201D}.Debug|ARM.ActiveCfg = Debug|ARM
		{EE69944F-A527-4273-AB6E-8597CA7E201D}.Debug|ARM.Build.0 = Debug|ARM
		{EE69944F-A527-4273-AB6E-8597CA7E201D}.Debug|ARM.Deploy.0 = Debug|ARM
		{EE69944F-A527-4273-AB6E-8597CA7E201D}.Debug|ARM64.ActiveCfg = Debug|ARM64
		{EE69944F-A527-4273-AB6E-8597CA7E201D}.Debug|ARM64.Build.0 = Debug|ARM64
		{EE69944F-A527-4273-AB6E-8597CA7E201D}.Debug|ARM64.Deploy.0 = Debug|ARM64
		{EE69944F-A527-4273-AB6E-8597CA7E201D}.Debug|x64.ActiveCfg = Debug|x64
		{EE69944F-A527-4273-AB6E-8597CA7E201D}.Debug|x64.Build.0 = Debug|x64
		{EE69944F-A527-4273-AB6E-8597CA7E201D}.Debug|x64.Deploy.0 = Debug|x64
		{EE69944F-A527-4273-AB6E-8597CA7E201D}.Debug|x86.ActiveCfg = Debug|x86
		{EE69944F-A527-4273-AB6E-8597CA7E201D}.Debug|x86.Build.0 = Debug|x86
		{EE69944F-A527-4273-AB6E-8597CA7E201D}.Debug|x86.Deploy.0 = Debug|x86
		{EE69944F-A527-4273-AB6E-8597CA7E201D}.Release|Any CPU.ActiveCfg = Release|x86
		{EE69944F-A527-4273-AB6E-8597CA7E201D}.Release|ARM.ActiveCfg = Release|ARM
		{EE69944F-A527-4273-AB6E-8597CA7E201D}.Release|ARM.Build.0 = Release|ARM
		{EE69944F-A527-4273-AB6E-8597CA7E201D}.Release|ARM.Deploy.0 = Release|ARM
		{EE69944F-A527-4273-AB6E-8597CA7E201D}.Release|ARM64.ActiveCfg = Release|ARM64
		{EE69944F-A527-4273-AB6E-8597CA7E201D}.Release|ARM64.Build.0 = Release|ARM64
		{EE69944F-A527-4273-AB6E-8597CA7E201D}.Release|ARM64.Deploy.0 = Release|ARM64
		{EE69944F-A527-4273-AB6E-8597CA7E201D}.Release|x64.ActiveCfg = Release|x64
		{EE69944F-A527-4273-AB6E-8597CA7E201D}.Release|x64.Build.0 = Release|x64
		{EE69944F-A527-4273-AB6E-8597CA7E201D}.Release|x64.Deploy.0 = Release|x64
		{EE69944F-A527-4273-AB6E-8597CA7E201D}.Release|x86.ActiveCfg = Release|x86
		{EE69944F-A527-4273-AB6E-8597CA7E201D}.Release|x86.Build.0 = Release|x86
		{EE69944F-A527-4273-AB6E-8597CA7E201D}.Release|x86.Deploy.0 = Release|x86
	EndGlobalSection
	GlobalSection(SolutionProperties) = preSolution
		HideSolutionNode = FALSE
	EndGlobalSection
	GlobalSection(ExtensibilityGlobals) = postSolution
		SolutionGuid = {52B7CAFC-6FAE-4435-9C15-0603D529D629}
	EndGlobalSection
EndGlobal
