
Microsoft Visual Studio Solution File, Format Version 12.00
# Visual Studio Version 17
VisualStudioVersion = 17.1.32414.318
MinimumVisualStudioVersion = 10.0.40219.1
Project("{FAE04EC0-301F-11D3-BF4B-00C04F79EFBC}") = "DocViewer ASP.Net Core 6 MVC", "DocViewer ASP.Net Core 6 MVC.csproj", "{CC65AE1F-699C-479A-9318-B0A5D8318C01}"
EndProject
Global
	GlobalSection(SolutionConfigurationPlatforms) = preSolution
		Debug|Any CPU = Debug|Any CPU
		Release|Any CPU = Release|Any CPU
	EndGlobalSection
	GlobalSection(ProjectConfigurationPlatforms) = postSolution
		{CC65AE1F-699C-479A-9318-B0A5D8318C01}.Debug|Any CPU.ActiveCfg = Debug|Any CPU
		{CC65AE1F-699C-479A-9318-B0A5D8318C01}.Debug|Any CPU.Build.0 = Debug|Any CPU
		{CC65AE1F-699C-479A-9318-B0A5D8318C01}.Release|Any CPU.ActiveCfg = Release|Any CPU
		{CC65AE1F-699C-479A-9318-B0A5D8318C01}.Release|Any CPU.Build.0 = Release|Any CPU
	EndGlobalSection
	GlobalSection(SolutionProperties) = preSolution
		HideSolutionNode = FALSE
	EndGlobalSection
	GlobalSection(ExtensibilityGlobals) = postSolution
		SolutionGuid = {0AEC3F97-5253-4920-8E34-F2F7FF086304}
	EndGlobalSection
EndGlobal
